
Microsoft Visual Studio Solution File, Format Version 12.00
# Visual Studio Version 16
VisualStudioVersion = 16.0.31005.135
MinimumVisualStudioVersion = 10.0.40219.1
Project("{9A19103F-16F7-4668-BE54-9A1E7A4F7556}") = "studentOneMethod", "studentOneMethod.csproj", "{179A1B52-2CC7-4299-AA8C-70B2CA36DF80}"
EndProject
Project("{FAE04EC0-301F-11D3-BF4B-00C04F79EFBC}") = "Student.Test", "..\Student.Test\Student.Test.csproj", "{DA3F549E-D495-4BD1-A3D7-93970AE24A1E}"
EndProject
Global
	GlobalSection(SolutionConfigurationPlatforms) = preSolution
		Debug|Any CPU = Debug|Any CPU
		Release|Any CPU = Release|Any CPU
	EndGlobalSection
	GlobalSection(ProjectConfigurationPlatforms) = postSolution
		{179A1B52-2CC7-4299-AA8C-70B2CA36DF80}.Debug|Any CPU.ActiveCfg = Debug|Any CPU
		{179A1B52-2CC7-4299-AA8C-70B2CA36DF80}.Debug|Any CPU.Build.0 = Debug|Any CPU
		{179A1B52-2CC7-4299-AA8C-70B2CA36DF80}.Release|Any CPU.ActiveCfg = Release|Any CPU
		{179A1B52-2CC7-4299-AA8C-70B2CA36DF80}.Release|Any CPU.Build.0 = Release|Any CPU
		{DA3F549E-D495-4BD1-A3D7-93970AE24A1E}.Debug|Any CPU.ActiveCfg = Debug|Any CPU
		{DA3F549E-D495-4BD1-A3D7-93970AE24A1E}.Debug|Any CPU.Build.0 = Debug|Any CPU
		{DA3F549E-D495-4BD1-A3D7-93970AE24A1E}.Release|Any CPU.ActiveCfg = Release|Any CPU
		{DA3F549E-D495-4BD1-A3D7-93970AE24A1E}.Release|Any CPU.Build.0 = Release|Any CPU
	EndGlobalSection
	GlobalSection(SolutionProperties) = preSolution
		HideSolutionNode = FALSE
	EndGlobalSection
	GlobalSection(ExtensibilityGlobals) = postSolution
		SolutionGuid = {4F729241-7B86-49EB-9BBB-C237903A982C}
	EndGlobalSection
EndGlobal
